
Microsoft Visual Studio Solution File, Format Version 12.00
Project("{FAE04EC0-301F-11D3-BF4B-00C04F79EFBC}") = "Lachain.Core", "src\Lachain.Core\Lachain.Core.csproj", "{46618B2B-BB6B-40F8-9879-E64200B7089C}"
EndProject
Project("{FAE04EC0-301F-11D3-BF4B-00C04F79EFBC}") = "Lachain.Console", "src\Lachain.Console\Lachain.Console.csproj", "{595506B0-14BF-4568-9BEF-E83E8C8FE2F9}"
EndProject
Project("{FAE04EC0-301F-11D3-BF4B-00C04F79EFBC}") = "Lachain.Benchmark", "src\Lachain.Benchmark\Lachain.Benchmark.csproj", "{DCAE8F1E-025A-4725-B123-A4E7B4FB314E}"
EndProject
Project("{FAE04EC0-301F-11D3-BF4B-00C04F79EFBC}") = "Lachain.Logger", "src\Lachain.Logger\Lachain.Logger.csproj", "{BD4CD166-5D57-481F-81D1-EA34ACDB53A8}"
EndProject
Project("{2150E333-8FDC-42A3-9474-1A3956D46DE8}") = "src", "src", "{3D21573C-BE35-4729-AE79-3C74D3FC2991}"
EndProject
Project("{2150E333-8FDC-42A3-9474-1A3956D46DE8}") = "test", "test", "{3F1B8F03-E36E-41DA-A0C1-BEA52B76DE0B}"
EndProject
Project("{FAE04EC0-301F-11D3-BF4B-00C04F79EFBC}") = "Lachain.CoreTest", "test\Lachain.CoreTest\Lachain.CoreTest.csproj", "{DA140831-7B94-4281-AE14-5FECD4CCD8E7}"
EndProject
Project("{FAE04EC0-301F-11D3-BF4B-00C04F79EFBC}") = "Lachain.Proto", "src\Lachain.Proto\Lachain.Proto.csproj", "{C19B5F3E-F9BD-4C1E-B489-950EC78B9A51}"
EndProject
Project("{FAE04EC0-301F-11D3-BF4B-00C04F79EFBC}") = "Lachain.Crypto", "src\Lachain.Crypto\Lachain.Crypto.csproj", "{86FF3593-9F7B-4EA4-A9B6-9A0B0B781A71}"
EndProject
Project("{FAE04EC0-301F-11D3-BF4B-00C04F79EFBC}") = "Lachain.Utility", "src\Lachain.Utility\Lachain.Utility.csproj", "{5A8DF4FF-B404-4BEF-A3F3-F679C9A77A4A}"
EndProject
Project("{FAE04EC0-301F-11D3-BF4B-00C04F79EFBC}") = "Lachain.Networking", "src\Lachain.Networking\Lachain.Networking.csproj", "{250505FE-8E48-45E4-BC1C-AAA255D95175}"
EndProject
Project("{FAE04EC0-301F-11D3-BF4B-00C04F79EFBC}") = "Lachain.Storage", "src\Lachain.Storage\Lachain.Storage.csproj", "{76690E13-4E02-4139-B7D6-B22F9B13E9FD}"
EndProject
Project("{FAE04EC0-301F-11D3-BF4B-00C04F79EFBC}") = "Lachain.Consensus", "src\Lachain.Consensus\Lachain.Consensus.csproj", "{EE1F6463-D691-4AA9-8A64-1F90C08412A9}"
EndProject
Project("{FAE04EC0-301F-11D3-BF4B-00C04F79EFBC}") = "Lachain.ConsensusTest", "test\Lachain.ConsensusTest\Lachain.ConsensusTest.csproj", "{7CC3C3CC-4A65-49C3-95F7-EC967850E381}"
EndProject
Project("{FAE04EC0-301F-11D3-BF4B-00C04F79EFBC}") = "Lachain.CryptoTest", "test\Lachain.CryptoTest\Lachain.CryptoTest.csproj", "{B446A4E9-275E-4A12-9A9C-1FCD8CF80235}"
EndProject
Project("{2150E333-8FDC-42A3-9474-1A3956D46DE8}") = "wasm", "wasm", "{71375ACB-61E7-41D1-B99F-17BB734C756A}"
EndProject
Project("{FAE04EC0-301F-11D3-BF4B-00C04F79EFBC}") = "WebAssembly", "wasm\WebAssembly\WebAssembly.csproj", "{8221EB51-02E4-4EC9-9592-B5B17E0CB4D1}"
EndProject
Project("{FAE04EC0-301F-11D3-BF4B-00C04F79EFBC}") = "WebAssembly.Tests", "wasm\WebAssembly.Tests\WebAssembly.Tests.csproj", "{00128F4B-D84D-435B-BC99-D0DCA9A35492}"
EndProject
Project("{FAE04EC0-301F-11D3-BF4B-00C04F79EFBC}") = "Lachain.UtilityTest", "test\Lachain.UtilityTest\Lachain.UtilityTest.csproj", "{BE05271F-9A11-437D-B370-A20C16FC095D}"
EndProject
Global
	GlobalSection(SolutionConfigurationPlatforms) = preSolution
		Debug|Any CPU = Debug|Any CPU
		Release|Any CPU = Release|Any CPU
	EndGlobalSection
	GlobalSection(ProjectConfigurationPlatforms) = postSolution
		{46618B2B-BB6B-40F8-9879-E64200B7089C}.Debug|Any CPU.ActiveCfg = Debug|Any CPU
		{46618B2B-BB6B-40F8-9879-E64200B7089C}.Debug|Any CPU.Build.0 = Debug|Any CPU
		{46618B2B-BB6B-40F8-9879-E64200B7089C}.Release|Any CPU.ActiveCfg = Release|Any CPU
		{46618B2B-BB6B-40F8-9879-E64200B7089C}.Release|Any CPU.Build.0 = Release|Any CPU
		{595506B0-14BF-4568-9BEF-E83E8C8FE2F9}.Debug|Any CPU.ActiveCfg = Debug|Any CPU
		{595506B0-14BF-4568-9BEF-E83E8C8FE2F9}.Debug|Any CPU.Build.0 = Debug|Any CPU
		{595506B0-14BF-4568-9BEF-E83E8C8FE2F9}.Release|Any CPU.ActiveCfg = Release|Any CPU
		{595506B0-14BF-4568-9BEF-E83E8C8FE2F9}.Release|Any CPU.Build.0 = Release|Any CPU
		{98F05B26-D58C-4FD5-BCBA-B863EB625870}.Debug|Any CPU.ActiveCfg = Debug|Any CPU
		{98F05B26-D58C-4FD5-BCBA-B863EB625870}.Debug|Any CPU.Build.0 = Debug|Any CPU
		{98F05B26-D58C-4FD5-BCBA-B863EB625870}.Release|Any CPU.ActiveCfg = Release|Any CPU
		{98F05B26-D58C-4FD5-BCBA-B863EB625870}.Release|Any CPU.Build.0 = Release|Any CPU
		{DCAE8F1E-025A-4725-B123-A4E7B4FB314E}.Debug|Any CPU.ActiveCfg = Debug|Any CPU
		{DCAE8F1E-025A-4725-B123-A4E7B4FB314E}.Debug|Any CPU.Build.0 = Debug|Any CPU
		{DCAE8F1E-025A-4725-B123-A4E7B4FB314E}.Release|Any CPU.ActiveCfg = Release|Any CPU
		{DCAE8F1E-025A-4725-B123-A4E7B4FB314E}.Release|Any CPU.Build.0 = Release|Any CPU
		{BD4CD166-5D57-481F-81D1-EA34ACDB53A8}.Debug|Any CPU.ActiveCfg = Debug|Any CPU
		{BD4CD166-5D57-481F-81D1-EA34ACDB53A8}.Debug|Any CPU.Build.0 = Debug|Any CPU
		{BD4CD166-5D57-481F-81D1-EA34ACDB53A8}.Release|Any CPU.ActiveCfg = Release|Any CPU
		{BD4CD166-5D57-481F-81D1-EA34ACDB53A8}.Release|Any CPU.Build.0 = Release|Any CPU
		{DA140831-7B94-4281-AE14-5FECD4CCD8E7}.Debug|Any CPU.ActiveCfg = Debug|Any CPU
		{DA140831-7B94-4281-AE14-5FECD4CCD8E7}.Debug|Any CPU.Build.0 = Debug|Any CPU
		{DA140831-7B94-4281-AE14-5FECD4CCD8E7}.Release|Any CPU.ActiveCfg = Release|Any CPU
		{DA140831-7B94-4281-AE14-5FECD4CCD8E7}.Release|Any CPU.Build.0 = Release|Any CPU
		{C19B5F3E-F9BD-4C1E-B489-950EC78B9A51}.Debug|Any CPU.ActiveCfg = Debug|Any CPU
		{C19B5F3E-F9BD-4C1E-B489-950EC78B9A51}.Debug|Any CPU.Build.0 = Debug|Any CPU
		{C19B5F3E-F9BD-4C1E-B489-950EC78B9A51}.Release|Any CPU.ActiveCfg = Release|Any CPU
		{C19B5F3E-F9BD-4C1E-B489-950EC78B9A51}.Release|Any CPU.Build.0 = Release|Any CPU
		{86FF3593-9F7B-4EA4-A9B6-9A0B0B781A71}.Debug|Any CPU.ActiveCfg = Debug|Any CPU
		{86FF3593-9F7B-4EA4-A9B6-9A0B0B781A71}.Debug|Any CPU.Build.0 = Debug|Any CPU
		{86FF3593-9F7B-4EA4-A9B6-9A0B0B781A71}.Release|Any CPU.ActiveCfg = Release|Any CPU
		{86FF3593-9F7B-4EA4-A9B6-9A0B0B781A71}.Release|Any CPU.Build.0 = Release|Any CPU
		{5A8DF4FF-B404-4BEF-A3F3-F679C9A77A4A}.Debug|Any CPU.ActiveCfg = Debug|Any CPU
		{5A8DF4FF-B404-4BEF-A3F3-F679C9A77A4A}.Debug|Any CPU.Build.0 = Debug|Any CPU
		{5A8DF4FF-B404-4BEF-A3F3-F679C9A77A4A}.Release|Any CPU.ActiveCfg = Release|Any CPU
		{5A8DF4FF-B404-4BEF-A3F3-F679C9A77A4A}.Release|Any CPU.Build.0 = Release|Any CPU
		{250505FE-8E48-45E4-BC1C-AAA255D95175}.Debug|Any CPU.ActiveCfg = Debug|Any CPU
		{250505FE-8E48-45E4-BC1C-AAA255D95175}.Debug|Any CPU.Build.0 = Debug|Any CPU
		{250505FE-8E48-45E4-BC1C-AAA255D95175}.Release|Any CPU.ActiveCfg = Release|Any CPU
		{250505FE-8E48-45E4-BC1C-AAA255D95175}.Release|Any CPU.Build.0 = Release|Any CPU
		{76690E13-4E02-4139-B7D6-B22F9B13E9FD}.Debug|Any CPU.ActiveCfg = Debug|Any CPU
		{76690E13-4E02-4139-B7D6-B22F9B13E9FD}.Debug|Any CPU.Build.0 = Debug|Any CPU
		{76690E13-4E02-4139-B7D6-B22F9B13E9FD}.Release|Any CPU.ActiveCfg = Release|Any CPU
		{76690E13-4E02-4139-B7D6-B22F9B13E9FD}.Release|Any CPU.Build.0 = Release|Any CPU
		{EE1F6463-D691-4AA9-8A64-1F90C08412A9}.Debug|Any CPU.ActiveCfg = Debug|Any CPU
		{EE1F6463-D691-4AA9-8A64-1F90C08412A9}.Debug|Any CPU.Build.0 = Debug|Any CPU
		{EE1F6463-D691-4AA9-8A64-1F90C08412A9}.Release|Any CPU.ActiveCfg = Release|Any CPU
		{EE1F6463-D691-4AA9-8A64-1F90C08412A9}.Release|Any CPU.Build.0 = Release|Any CPU
		{7CC3C3CC-4A65-49C3-95F7-EC967850E381}.Debug|Any CPU.ActiveCfg = Debug|Any CPU
		{7CC3C3CC-4A65-49C3-95F7-EC967850E381}.Debug|Any CPU.Build.0 = Debug|Any CPU
		{7CC3C3CC-4A65-49C3-95F7-EC967850E381}.Release|Any CPU.ActiveCfg = Release|Any CPU
		{7CC3C3CC-4A65-49C3-95F7-EC967850E381}.Release|Any CPU.Build.0 = Release|Any CPU
		{B446A4E9-275E-4A12-9A9C-1FCD8CF80235}.Debug|Any CPU.ActiveCfg = Debug|Any CPU
		{B446A4E9-275E-4A12-9A9C-1FCD8CF80235}.Debug|Any CPU.Build.0 = Debug|Any CPU
		{B446A4E9-275E-4A12-9A9C-1FCD8CF80235}.Release|Any CPU.ActiveCfg = Release|Any CPU
		{B446A4E9-275E-4A12-9A9C-1FCD8CF80235}.Release|Any CPU.Build.0 = Release|Any CPU
		{8221EB51-02E4-4EC9-9592-B5B17E0CB4D1}.Debug|Any CPU.ActiveCfg = Debug|Any CPU
		{8221EB51-02E4-4EC9-9592-B5B17E0CB4D1}.Debug|Any CPU.Build.0 = Debug|Any CPU
		{8221EB51-02E4-4EC9-9592-B5B17E0CB4D1}.Release|Any CPU.ActiveCfg = Release|Any CPU
		{8221EB51-02E4-4EC9-9592-B5B17E0CB4D1}.Release|Any CPU.Build.0 = Release|Any CPU
		{00128F4B-D84D-435B-BC99-D0DCA9A35492}.Debug|Any CPU.ActiveCfg = Debug|Any CPU
		{00128F4B-D84D-435B-BC99-D0DCA9A35492}.Debug|Any CPU.Build.0 = Debug|Any CPU
		{00128F4B-D84D-435B-BC99-D0DCA9A35492}.Release|Any CPU.ActiveCfg = Release|Any CPU
		{00128F4B-D84D-435B-BC99-D0DCA9A35492}.Release|Any CPU.Build.0 = Release|Any CPU
		{BE05271F-9A11-437D-B370-A20C16FC095D}.Debug|Any CPU.ActiveCfg = Debug|Any CPU
		{BE05271F-9A11-437D-B370-A20C16FC095D}.Debug|Any CPU.Build.0 = Debug|Any CPU
		{BE05271F-9A11-437D-B370-A20C16FC095D}.Release|Any CPU.ActiveCfg = Release|Any CPU
		{BE05271F-9A11-437D-B370-A20C16FC095D}.Release|Any CPU.Build.0 = Release|Any CPU
	EndGlobalSection
	GlobalSection(NestedProjects) = preSolution
		{DCAE8F1E-025A-4725-B123-A4E7B4FB314E} = {3D21573C-BE35-4729-AE79-3C74D3FC2991}
		{595506B0-14BF-4568-9BEF-E83E8C8FE2F9} = {3D21573C-BE35-4729-AE79-3C74D3FC2991}
		{46618B2B-BB6B-40F8-9879-E64200B7089C} = {3D21573C-BE35-4729-AE79-3C74D3FC2991}
		{BD4CD166-5D57-481F-81D1-EA34ACDB53A8} = {3D21573C-BE35-4729-AE79-3C74D3FC2991}
		{DA140831-7B94-4281-AE14-5FECD4CCD8E7} = {3F1B8F03-E36E-41DA-A0C1-BEA52B76DE0B}
		{C19B5F3E-F9BD-4C1E-B489-950EC78B9A51} = {3D21573C-BE35-4729-AE79-3C74D3FC2991}
		{86FF3593-9F7B-4EA4-A9B6-9A0B0B781A71} = {3D21573C-BE35-4729-AE79-3C74D3FC2991}
		{5A8DF4FF-B404-4BEF-A3F3-F679C9A77A4A} = {3D21573C-BE35-4729-AE79-3C74D3FC2991}
		{250505FE-8E48-45E4-BC1C-AAA255D95175} = {3D21573C-BE35-4729-AE79-3C74D3FC2991}
		{76690E13-4E02-4139-B7D6-B22F9B13E9FD} = {3D21573C-BE35-4729-AE79-3C74D3FC2991}
		{EE1F6463-D691-4AA9-8A64-1F90C08412A9} = {3D21573C-BE35-4729-AE79-3C74D3FC2991}
		{7CC3C3CC-4A65-49C3-95F7-EC967850E381} = {3F1B8F03-E36E-41DA-A0C1-BEA52B76DE0B}
		{B446A4E9-275E-4A12-9A9C-1FCD8CF80235} = {3F1B8F03-E36E-41DA-A0C1-BEA52B76DE0B}
		{8221EB51-02E4-4EC9-9592-B5B17E0CB4D1} = {71375ACB-61E7-41D1-B99F-17BB734C756A}
		{00128F4B-D84D-435B-BC99-D0DCA9A35492} = {71375ACB-61E7-41D1-B99F-17BB734C756A}
		{BE05271F-9A11-437D-B370-A20C16FC095D} = {3F1B8F03-E36E-41DA-A0C1-BEA52B76DE0B}
	EndGlobalSection
EndGlobal
