
Microsoft Visual Studio Solution File, Format Version 12.00
Project("{FAE04EC0-301F-11D3-BF4B-00C04F79EFBC}") = "Phorkus.Core", "src\Phorkus.Core\Phorkus.Core.csproj", "{46618B2B-BB6B-40F8-9879-E64200B7089C}"
EndProject
Project("{FAE04EC0-301F-11D3-BF4B-00C04F79EFBC}") = "Phorkus.Console", "src\Phorkus.Console\Phorkus.Console.csproj", "{595506B0-14BF-4568-9BEF-E83E8C8FE2F9}"
EndProject
Project("{FAE04EC0-301F-11D3-BF4B-00C04F79EFBC}") = "Phorkus.RocksDB", "src\Phorkus.RocksDB\Phorkus.RocksDB.csproj", "{6AD9BB14-D2B6-4D61-A92C-CC0AA906C711}"
EndProject
Project("{FAE04EC0-301F-11D3-BF4B-00C04F79EFBC}") = "Phorkus.Benchmark", "src\Phorkus.Benchmark\Phorkus.Benchmark.csproj", "{DCAE8F1E-025A-4725-B123-A4E7B4FB314E}"
EndProject
Project("{FAE04EC0-301F-11D3-BF4B-00C04F79EFBC}") = "Phorkus.Logger", "src\Phorkus.Logger\Phorkus.Logger.csproj", "{BD4CD166-5D57-481F-81D1-EA34ACDB53A8}"
EndProject
Project("{2150E333-8FDC-42A3-9474-1A3956D46DE8}") = "src", "src", "{3D21573C-BE35-4729-AE79-3C74D3FC2991}"
EndProject
Project("{2150E333-8FDC-42A3-9474-1A3956D46DE8}") = "test", "test", "{3F1B8F03-E36E-41DA-A0C1-BEA52B76DE0B}"
EndProject
Project("{FAE04EC0-301F-11D3-BF4B-00C04F79EFBC}") = "Phorkus.CoreTest", "test\Phorkus.CoreTest\Phorkus.CoreTest.csproj", "{DA140831-7B94-4281-AE14-5FECD4CCD8E7}"
EndProject
Project("{FAE04EC0-301F-11D3-BF4B-00C04F79EFBC}") = "Phorkus.Proto", "src\Phorkus.Proto\Phorkus.Proto.csproj", "{C19B5F3E-F9BD-4C1E-B489-950EC78B9A51}"
EndProject
Global
	GlobalSection(SolutionConfigurationPlatforms) = preSolution
		Debug|Any CPU = Debug|Any CPU
		Release|Any CPU = Release|Any CPU
	EndGlobalSection
	GlobalSection(ProjectConfigurationPlatforms) = postSolution
		{46618B2B-BB6B-40F8-9879-E64200B7089C}.Debug|Any CPU.ActiveCfg = Debug|Any CPU
		{46618B2B-BB6B-40F8-9879-E64200B7089C}.Debug|Any CPU.Build.0 = Debug|Any CPU
		{46618B2B-BB6B-40F8-9879-E64200B7089C}.Release|Any CPU.ActiveCfg = Release|Any CPU
		{46618B2B-BB6B-40F8-9879-E64200B7089C}.Release|Any CPU.Build.0 = Release|Any CPU
		{595506B0-14BF-4568-9BEF-E83E8C8FE2F9}.Debug|Any CPU.ActiveCfg = Debug|Any CPU
		{595506B0-14BF-4568-9BEF-E83E8C8FE2F9}.Debug|Any CPU.Build.0 = Debug|Any CPU
		{595506B0-14BF-4568-9BEF-E83E8C8FE2F9}.Release|Any CPU.ActiveCfg = Release|Any CPU
		{595506B0-14BF-4568-9BEF-E83E8C8FE2F9}.Release|Any CPU.Build.0 = Release|Any CPU
		{6AD9BB14-D2B6-4D61-A92C-CC0AA906C711}.Debug|Any CPU.ActiveCfg = Debug|Any CPU
		{6AD9BB14-D2B6-4D61-A92C-CC0AA906C711}.Debug|Any CPU.Build.0 = Debug|Any CPU
		{6AD9BB14-D2B6-4D61-A92C-CC0AA906C711}.Release|Any CPU.ActiveCfg = Release|Any CPU
		{6AD9BB14-D2B6-4D61-A92C-CC0AA906C711}.Release|Any CPU.Build.0 = Release|Any CPU
		{98F05B26-D58C-4FD5-BCBA-B863EB625870}.Debug|Any CPU.ActiveCfg = Debug|Any CPU
		{98F05B26-D58C-4FD5-BCBA-B863EB625870}.Debug|Any CPU.Build.0 = Debug|Any CPU
		{98F05B26-D58C-4FD5-BCBA-B863EB625870}.Release|Any CPU.ActiveCfg = Release|Any CPU
		{98F05B26-D58C-4FD5-BCBA-B863EB625870}.Release|Any CPU.Build.0 = Release|Any CPU
		{DCAE8F1E-025A-4725-B123-A4E7B4FB314E}.Debug|Any CPU.ActiveCfg = Debug|Any CPU
		{DCAE8F1E-025A-4725-B123-A4E7B4FB314E}.Debug|Any CPU.Build.0 = Debug|Any CPU
		{DCAE8F1E-025A-4725-B123-A4E7B4FB314E}.Release|Any CPU.ActiveCfg = Release|Any CPU
		{DCAE8F1E-025A-4725-B123-A4E7B4FB314E}.Release|Any CPU.Build.0 = Release|Any CPU
		{BD4CD166-5D57-481F-81D1-EA34ACDB53A8}.Debug|Any CPU.ActiveCfg = Debug|Any CPU
		{BD4CD166-5D57-481F-81D1-EA34ACDB53A8}.Debug|Any CPU.Build.0 = Debug|Any CPU
		{BD4CD166-5D57-481F-81D1-EA34ACDB53A8}.Release|Any CPU.ActiveCfg = Release|Any CPU
		{BD4CD166-5D57-481F-81D1-EA34ACDB53A8}.Release|Any CPU.Build.0 = Release|Any CPU
		{DA140831-7B94-4281-AE14-5FECD4CCD8E7}.Debug|Any CPU.ActiveCfg = Debug|Any CPU
		{DA140831-7B94-4281-AE14-5FECD4CCD8E7}.Debug|Any CPU.Build.0 = Debug|Any CPU
		{DA140831-7B94-4281-AE14-5FECD4CCD8E7}.Release|Any CPU.ActiveCfg = Release|Any CPU
		{DA140831-7B94-4281-AE14-5FECD4CCD8E7}.Release|Any CPU.Build.0 = Release|Any CPU
		{C19B5F3E-F9BD-4C1E-B489-950EC78B9A51}.Debug|Any CPU.ActiveCfg = Debug|Any CPU
		{C19B5F3E-F9BD-4C1E-B489-950EC78B9A51}.Debug|Any CPU.Build.0 = Debug|Any CPU
		{C19B5F3E-F9BD-4C1E-B489-950EC78B9A51}.Release|Any CPU.ActiveCfg = Release|Any CPU
		{C19B5F3E-F9BD-4C1E-B489-950EC78B9A51}.Release|Any CPU.Build.0 = Release|Any CPU
	EndGlobalSection
	GlobalSection(NestedProjects) = preSolution
		{DCAE8F1E-025A-4725-B123-A4E7B4FB314E} = {3D21573C-BE35-4729-AE79-3C74D3FC2991}
		{595506B0-14BF-4568-9BEF-E83E8C8FE2F9} = {3D21573C-BE35-4729-AE79-3C74D3FC2991}
		{46618B2B-BB6B-40F8-9879-E64200B7089C} = {3D21573C-BE35-4729-AE79-3C74D3FC2991}
		{BD4CD166-5D57-481F-81D1-EA34ACDB53A8} = {3D21573C-BE35-4729-AE79-3C74D3FC2991}
		{6AD9BB14-D2B6-4D61-A92C-CC0AA906C711} = {3D21573C-BE35-4729-AE79-3C74D3FC2991}
		{DA140831-7B94-4281-AE14-5FECD4CCD8E7} = {3F1B8F03-E36E-41DA-A0C1-BEA52B76DE0B}
		{C19B5F3E-F9BD-4C1E-B489-950EC78B9A51} = {3D21573C-BE35-4729-AE79-3C74D3FC2991}
	EndGlobalSection
EndGlobal
