
Microsoft Visual Studio Solution File, Format Version 12.00
Project("{FAE04EC0-301F-11D3-BF4B-00C04F79EFBC}") = "Phorkus.Core", "Phorkus.Core\Phorkus.Core.csproj", "{46618B2B-BB6B-40F8-9879-E64200B7089C}"
EndProject
Project("{FAE04EC0-301F-11D3-BF4B-00C04F79EFBC}") = "Phorkus.Console", "Phorkus.Console\Phorkus.Console.csproj", "{595506B0-14BF-4568-9BEF-E83E8C8FE2F9}"
EndProject
Project("{FAE04EC0-301F-11D3-BF4B-00C04F79EFBC}") = "Phorkus.RocksDB", "Phorkus.RocksDB\Phorkus.RocksDB.csproj", "{6AD9BB14-D2B6-4D61-A92C-CC0AA906C711}"
EndProject
Project("{FAE04EC0-301F-11D3-BF4B-00C04F79EFBC}") = "Phorkus.Test", "Phorkus.Test\Phorkus.Test.csproj", "{98F05B26-D58C-4FD5-BCBA-B863EB625870}"
EndProject
Project("{FAE04EC0-301F-11D3-BF4B-00C04F79EFBC}") = "Phorkus.Benchmark", "Phorkus.Benchmark\Phorkus.Benchmark.csproj", "{DCAE8F1E-025A-4725-B123-A4E7B4FB314E}"
EndProject
Project("{FAE04EC0-301F-11D3-BF4B-00C04F79EFBC}") = "Phorkus.Logger", "Phorkus.Logger\Phorkus.Logger.csproj", "{BD4CD166-5D57-481F-81D1-EA34ACDB53A8}"
EndProject
Global
	GlobalSection(SolutionConfigurationPlatforms) = preSolution
		Debug|Any CPU = Debug|Any CPU
		Release|Any CPU = Release|Any CPU
	EndGlobalSection
	GlobalSection(ProjectConfigurationPlatforms) = postSolution
		{46618B2B-BB6B-40F8-9879-E64200B7089C}.Debug|Any CPU.ActiveCfg = Debug|Any CPU
		{46618B2B-BB6B-40F8-9879-E64200B7089C}.Debug|Any CPU.Build.0 = Debug|Any CPU
		{46618B2B-BB6B-40F8-9879-E64200B7089C}.Release|Any CPU.ActiveCfg = Release|Any CPU
		{46618B2B-BB6B-40F8-9879-E64200B7089C}.Release|Any CPU.Build.0 = Release|Any CPU
		{595506B0-14BF-4568-9BEF-E83E8C8FE2F9}.Debug|Any CPU.ActiveCfg = Debug|Any CPU
		{595506B0-14BF-4568-9BEF-E83E8C8FE2F9}.Debug|Any CPU.Build.0 = Debug|Any CPU
		{595506B0-14BF-4568-9BEF-E83E8C8FE2F9}.Release|Any CPU.ActiveCfg = Release|Any CPU
		{595506B0-14BF-4568-9BEF-E83E8C8FE2F9}.Release|Any CPU.Build.0 = Release|Any CPU
		{6AD9BB14-D2B6-4D61-A92C-CC0AA906C711}.Debug|Any CPU.ActiveCfg = Debug|Any CPU
		{6AD9BB14-D2B6-4D61-A92C-CC0AA906C711}.Debug|Any CPU.Build.0 = Debug|Any CPU
		{6AD9BB14-D2B6-4D61-A92C-CC0AA906C711}.Release|Any CPU.ActiveCfg = Release|Any CPU
		{6AD9BB14-D2B6-4D61-A92C-CC0AA906C711}.Release|Any CPU.Build.0 = Release|Any CPU
		{98F05B26-D58C-4FD5-BCBA-B863EB625870}.Debug|Any CPU.ActiveCfg = Debug|Any CPU
		{98F05B26-D58C-4FD5-BCBA-B863EB625870}.Debug|Any CPU.Build.0 = Debug|Any CPU
		{98F05B26-D58C-4FD5-BCBA-B863EB625870}.Release|Any CPU.ActiveCfg = Release|Any CPU
		{98F05B26-D58C-4FD5-BCBA-B863EB625870}.Release|Any CPU.Build.0 = Release|Any CPU
		{DCAE8F1E-025A-4725-B123-A4E7B4FB314E}.Debug|Any CPU.ActiveCfg = Debug|Any CPU
		{DCAE8F1E-025A-4725-B123-A4E7B4FB314E}.Debug|Any CPU.Build.0 = Debug|Any CPU
		{DCAE8F1E-025A-4725-B123-A4E7B4FB314E}.Release|Any CPU.ActiveCfg = Release|Any CPU
		{DCAE8F1E-025A-4725-B123-A4E7B4FB314E}.Release|Any CPU.Build.0 = Release|Any CPU
		{BD4CD166-5D57-481F-81D1-EA34ACDB53A8}.Debug|Any CPU.ActiveCfg = Debug|Any CPU
		{BD4CD166-5D57-481F-81D1-EA34ACDB53A8}.Debug|Any CPU.Build.0 = Debug|Any CPU
		{BD4CD166-5D57-481F-81D1-EA34ACDB53A8}.Release|Any CPU.ActiveCfg = Release|Any CPU
		{BD4CD166-5D57-481F-81D1-EA34ACDB53A8}.Release|Any CPU.Build.0 = Release|Any CPU
	EndGlobalSection
EndGlobal
